
Microsoft Visual Studio Solution File, Format Version 12.00
# Visual Studio Version 16
VisualStudioVersion = 16.0.31129.286
MinimumVisualStudioVersion = 10.0.40219.1
Project("{FAE04EC0-301F-11D3-BF4B-00C04F79EFBC}") = "DB", "DB\DB.csproj", "{352E0BA9-713B-40D1-862F-797D25C9A947}"
EndProject
Global
	GlobalSection(SolutionConfigurationPlatforms) = preSolution
		Debug|Any CPU = Debug|Any CPU
		Release|Any CPU = Release|Any CPU
	EndGlobalSection
	GlobalSection(ProjectConfigurationPlatforms) = postSolution
		{352E0BA9-713B-40D1-862F-797D25C9A947}.Debug|Any CPU.ActiveCfg = Debug|Any CPU
		{352E0BA9-713B-40D1-862F-797D25C9A947}.Debug|Any CPU.Build.0 = Debug|Any CPU
		{352E0BA9-713B-40D1-862F-797D25C9A947}.Release|Any CPU.ActiveCfg = Release|Any CPU
		{352E0BA9-713B-40D1-862F-797D25C9A947}.Release|Any CPU.Build.0 = Release|Any CPU
	EndGlobalSection
	GlobalSection(SolutionProperties) = preSolution
		HideSolutionNode = FALSE
	EndGlobalSection
	GlobalSection(ExtensibilityGlobals) = postSolution
		SolutionGuid = {0D2ED144-9299-442B-87D4-4269074D7AF7}
	EndGlobalSection
EndGlobal
